
Microsoft Visual Studio Solution File, Format Version 11.00
# Visual Studio 2010
Project("{FAE04EC0-301F-11D3-BF4B-00C04F79EFBC}") = "Drag and Drop Demo", "Assembly-CSharp.csproj", "{B098B3F7-98DC-A2C9-4AC7-D53815CA7A76}"
EndProject
Project("{FAE04EC0-301F-11D3-BF4B-00C04F79EFBC}") = "Drag and Drop Demo", "Assembly-CSharp-Editor.csproj", "{823CF237-0BDB-DFCD-6572-811C0F8B0DD0}"
EndProject
Global
	GlobalSection(SolutionConfigurationPlatforms) = preSolution
		Debug|Any CPU = Debug|Any CPU
		Release|Any CPU = Release|Any CPU
	EndGlobalSection
	GlobalSection(ProjectConfigurationPlatforms) = postSolution
		{B098B3F7-98DC-A2C9-4AC7-D53815CA7A76}.Debug|Any CPU.ActiveCfg = Debug|Any CPU
		{B098B3F7-98DC-A2C9-4AC7-D53815CA7A76}.Debug|Any CPU.Build.0 = Debug|Any CPU
		{B098B3F7-98DC-A2C9-4AC7-D53815CA7A76}.Release|Any CPU.ActiveCfg = Release|Any CPU
		{B098B3F7-98DC-A2C9-4AC7-D53815CA7A76}.Release|Any CPU.Build.0 = Release|Any CPU
		{823CF237-0BDB-DFCD-6572-811C0F8B0DD0}.Debug|Any CPU.ActiveCfg = Debug|Any CPU
		{823CF237-0BDB-DFCD-6572-811C0F8B0DD0}.Debug|Any CPU.Build.0 = Debug|Any CPU
		{823CF237-0BDB-DFCD-6572-811C0F8B0DD0}.Release|Any CPU.ActiveCfg = Release|Any CPU
		{823CF237-0BDB-DFCD-6572-811C0F8B0DD0}.Release|Any CPU.Build.0 = Release|Any CPU
	EndGlobalSection
	GlobalSection(SolutionProperties) = preSolution
		HideSolutionNode = FALSE
	EndGlobalSection
	GlobalSection(MonoDevelopProperties) = preSolution
		StartupItem = Assembly-CSharp.csproj
	EndGlobalSection
EndGlobal
